{
  "object": {
    "pins": [
      {
        "package": "CryptoSwift",
        "repositoryURL": "https://github.com/krzyzanowskim/CryptoSwift.git",
        "state": {
          "branch": null,
          "revision": "5669f222e46c8134fb1f399c745fa6882b43532e",
          "version": "1.3.8"
        }
      },
      {
        "package": "Fuzi",
        "repositoryURL": "https://github.com/cezheng/Fuzi.git",
        "state": {
          "branch": null,
          "revision": "5955a7d9b3bb5f24adb1a46ce8586ba37eee43bc",
          "version": "3.1.2"
        }
      },
      {
        "package": "GCDWebServer",
        "repositoryURL": "https://github.com/lololo/GCDWebServer.git",
        "state": {
          "branch": "master",
          "revision": "2188ff4012c65bd5338e384fd6a19817175759cb",
          "version": null
        }
      },
      {
        "package": "Minizip",
        "repositoryURL": "https://github.com/lololo/minizip.git",
        "state": {
          "branch": "master",
          "revision": "9b6ffb41db3ea7afc987df4b88b8b3632ab4ae19",
          "version": null
        }
      },
      {
        "package": "R2Shared",
        "repositoryURL": "https://github.com/lololo/r2-shared-swift.git",
        "state": {
          "branch": "develop",
          "revision": "71f40cd030a10631390f6189966f9c7209d25d89",
          "version": null
        }
      },
      {
        "package": "SwiftSoup",
        "repositoryURL": "https://github.com/scinfu/SwiftSoup.git",
        "state": {
          "branch": null,
          "revision": "11da8c685ddde2d519fad04a7daf8485bbbc773e",
          "version": "1.7.5"
        }
      }
    ]
  },
  "version": 1
}
